
Microsoft Visual Studio Solution File, Format Version 12.00
# Visual Studio Version 16
VisualStudioVersion = 16.0.33027.164
MinimumVisualStudioVersion = 10.0.40219.1
Project("{FAE04EC0-301F-11D3-BF4B-00C04F79EFBC}") = "BD", "BD\BD.csproj", "{2AA5CE0A-58DB-463F-842A-6EE7076D2060}"
EndProject
Global
	GlobalSection(SolutionConfigurationPlatforms) = preSolution
		Debug|Any CPU = Debug|Any CPU
		Release|Any CPU = Release|Any CPU
	EndGlobalSection
	GlobalSection(ProjectConfigurationPlatforms) = postSolution
		{2AA5CE0A-58DB-463F-842A-6EE7076D2060}.Debug|Any CPU.ActiveCfg = Debug|Any CPU
		{2AA5CE0A-58DB-463F-842A-6EE7076D2060}.Debug|Any CPU.Build.0 = Debug|Any CPU
		{2AA5CE0A-58DB-463F-842A-6EE7076D2060}.Release|Any CPU.ActiveCfg = Release|Any CPU
		{2AA5CE0A-58DB-463F-842A-6EE7076D2060}.Release|Any CPU.Build.0 = Release|Any CPU
	EndGlobalSection
	GlobalSection(SolutionProperties) = preSolution
		HideSolutionNode = FALSE
	EndGlobalSection
	GlobalSection(ExtensibilityGlobals) = postSolution
		SolutionGuid = {166413EC-4A3D-40F3-BA8C-E399F86E0026}
	EndGlobalSection
EndGlobal
